
Microsoft Visual Studio Solution File, Format Version 12.00
# Visual Studio Version 17
VisualStudioVersion = 17.3.32922.545
MinimumVisualStudioVersion = 10.0.40219.1
Project("{FAE04EC0-301F-11D3-BF4B-00C04F79EFBC}") = "task", "task.csproj", "{A7B56595-A0C5-4F60-AAD2-52E0077618EE}"
EndProject
Global
	GlobalSection(SolutionConfigurationPlatforms) = preSolution
		Debug|Any CPU = Debug|Any CPU
		Release|Any CPU = Release|Any CPU
	EndGlobalSection
	GlobalSection(ProjectConfigurationPlatforms) = postSolution
		{A7B56595-A0C5-4F60-AAD2-52E0077618EE}.Debug|Any CPU.ActiveCfg = Debug|Any CPU
		{A7B56595-A0C5-4F60-AAD2-52E0077618EE}.Debug|Any CPU.Build.0 = Debug|Any CPU
		{A7B56595-A0C5-4F60-AAD2-52E0077618EE}.Release|Any CPU.ActiveCfg = Release|Any CPU
		{A7B56595-A0C5-4F60-AAD2-52E0077618EE}.Release|Any CPU.Build.0 = Release|Any CPU
	EndGlobalSection
	GlobalSection(SolutionProperties) = preSolution
		HideSolutionNode = FALSE
	EndGlobalSection
	GlobalSection(ExtensibilityGlobals) = postSolution
		SolutionGuid = {DC44B1FB-37F3-44E1-A869-B631E6FA6ADD}
	EndGlobalSection
EndGlobal
