
Microsoft Visual Studio Solution File, Format Version 12.00
# Visual Studio Version 17
VisualStudioVersion = 17.3.32922.545
MinimumVisualStudioVersion = 10.0.40219.1
Project("{9A19103F-16F7-4668-BE54-9A1E7A4F7556}") = "task", "task.csproj", "{A7B56595-A0C5-4F60-AAD2-52E0077618EE}"
EndProject
Project("{9A19103F-16F7-4668-BE54-9A1E7A4F7556}") = "DataAccess", "..\DataAccess\DataAccess.csproj", "{5EDE2D22-2DAD-47A8-A482-C5F78051212F}"
EndProject
Project("{9A19103F-16F7-4668-BE54-9A1E7A4F7556}") = "Domain", "..\Domain\Domain.csproj", "{E5E42561-96BC-404C-AFE6-91C3E0A119AB}"
EndProject
Project("{9A19103F-16F7-4668-BE54-9A1E7A4F7556}") = "BusinessLogic", "..\BusinessLogic\BusinessLogic.csproj", "{E33BBC46-5D40-49C1-B914-93E650BFAC8F}"
EndProject
Project("{2150E333-8FDC-42A3-9474-1A3956D46DE8}") = "Элементы решения", "Элементы решения", "{D7C32FC9-F28B-4C8A-90D0-D30737DBCE2D}"
	ProjectSection(SolutionItems) = preProject
		.editorconfig = .editorconfig
	EndProjectSection
EndProject
Global
	GlobalSection(SolutionConfigurationPlatforms) = preSolution
		Debug|Any CPU = Debug|Any CPU
		Release|Any CPU = Release|Any CPU
	EndGlobalSection
	GlobalSection(ProjectConfigurationPlatforms) = postSolution
		{A7B56595-A0C5-4F60-AAD2-52E0077618EE}.Debug|Any CPU.ActiveCfg = Debug|Any CPU
		{A7B56595-A0C5-4F60-AAD2-52E0077618EE}.Debug|Any CPU.Build.0 = Debug|Any CPU
		{A7B56595-A0C5-4F60-AAD2-52E0077618EE}.Release|Any CPU.ActiveCfg = Release|Any CPU
		{A7B56595-A0C5-4F60-AAD2-52E0077618EE}.Release|Any CPU.Build.0 = Release|Any CPU
		{5EDE2D22-2DAD-47A8-A482-C5F78051212F}.Debug|Any CPU.ActiveCfg = Debug|Any CPU
		{5EDE2D22-2DAD-47A8-A482-C5F78051212F}.Debug|Any CPU.Build.0 = Debug|Any CPU
		{5EDE2D22-2DAD-47A8-A482-C5F78051212F}.Release|Any CPU.ActiveCfg = Release|Any CPU
		{5EDE2D22-2DAD-47A8-A482-C5F78051212F}.Release|Any CPU.Build.0 = Release|Any CPU
		{E5E42561-96BC-404C-AFE6-91C3E0A119AB}.Debug|Any CPU.ActiveCfg = Debug|Any CPU
		{E5E42561-96BC-404C-AFE6-91C3E0A119AB}.Debug|Any CPU.Build.0 = Debug|Any CPU
		{E5E42561-96BC-404C-AFE6-91C3E0A119AB}.Release|Any CPU.ActiveCfg = Release|Any CPU
		{E5E42561-96BC-404C-AFE6-91C3E0A119AB}.Release|Any CPU.Build.0 = Release|Any CPU
		{E33BBC46-5D40-49C1-B914-93E650BFAC8F}.Debug|Any CPU.ActiveCfg = Debug|Any CPU
		{E33BBC46-5D40-49C1-B914-93E650BFAC8F}.Debug|Any CPU.Build.0 = Debug|Any CPU
		{E33BBC46-5D40-49C1-B914-93E650BFAC8F}.Release|Any CPU.ActiveCfg = Release|Any CPU
		{E33BBC46-5D40-49C1-B914-93E650BFAC8F}.Release|Any CPU.Build.0 = Release|Any CPU
	EndGlobalSection
	GlobalSection(SolutionProperties) = preSolution
		HideSolutionNode = FALSE
	EndGlobalSection
	GlobalSection(ExtensibilityGlobals) = postSolution
		SolutionGuid = {DC44B1FB-37F3-44E1-A869-B631E6FA6ADD}
	EndGlobalSection
EndGlobal
